
Microsoft Visual Studio Solution File, Format Version 12.00
# Visual Studio 15
VisualStudioVersion = 15.0.28307.645
MinimumVisualStudioVersion = 10.0.40219.1
Project("{FAE04EC0-301F-11D3-BF4B-00C04F79EFBC}") = "CsvToJsonXml", "CsvToJsonXml\CsvToJsonXml.csproj", "{876C656A-652D-41FC-A04F-F01808B6454F}"
EndProject
Project("{FAE04EC0-301F-11D3-BF4B-00C04F79EFBC}") = "CsvToJsonXmlTests", "CsvToJsonXmlTests\CsvToJsonXmlTests.csproj", "{3C9B4233-2F68-4448-8B41-E15F06E001AB}"
EndProject
Global
	GlobalSection(SolutionConfigurationPlatforms) = preSolution
		Debug|Any CPU = Debug|Any CPU
		Release|Any CPU = Release|Any CPU
	EndGlobalSection
	GlobalSection(ProjectConfigurationPlatforms) = postSolution
		{876C656A-652D-41FC-A04F-F01808B6454F}.Debug|Any CPU.ActiveCfg = Debug|Any CPU
		{876C656A-652D-41FC-A04F-F01808B6454F}.Debug|Any CPU.Build.0 = Debug|Any CPU
		{876C656A-652D-41FC-A04F-F01808B6454F}.Release|Any CPU.ActiveCfg = Release|Any CPU
		{876C656A-652D-41FC-A04F-F01808B6454F}.Release|Any CPU.Build.0 = Release|Any CPU
		{3C9B4233-2F68-4448-8B41-E15F06E001AB}.Debug|Any CPU.ActiveCfg = Debug|Any CPU
		{3C9B4233-2F68-4448-8B41-E15F06E001AB}.Debug|Any CPU.Build.0 = Debug|Any CPU
		{3C9B4233-2F68-4448-8B41-E15F06E001AB}.Release|Any CPU.ActiveCfg = Release|Any CPU
		{3C9B4233-2F68-4448-8B41-E15F06E001AB}.Release|Any CPU.Build.0 = Release|Any CPU
	EndGlobalSection
	GlobalSection(SolutionProperties) = preSolution
		HideSolutionNode = FALSE
	EndGlobalSection
	GlobalSection(ExtensibilityGlobals) = postSolution
		SolutionGuid = {9A04C320-3508-42EE-B03C-5EA2E5E7990A}
	EndGlobalSection
EndGlobal
